{
  "name": "tower-defense",
  "version": "1.0.0",
  "lockfileVersion": 1,
  "requires": true,
  "dependencies": {
    "draggable": {
      "version": "4.2.0",
      "resolved": "https://registry.npmjs.org/draggable/-/draggable-4.2.0.tgz",
      "integrity": "sha1-FJwMoXbfbYtRIEjI5FH0mfwEe5o="
    }
  }
}
